// !$*UTF8*$!
{
	archiveVersion = 1;
	classes = {
	};
	objectVersion = 50;
	objects = {

/* Begin PBXBuildFile section */
		82DCB81721F7882B006ED765 /* AppDelegate.swift in Sources */ = {isa = PBXBuildFile; fileRef = 82DCB81621F7882B006ED765 /* AppDelegate.swift */; };
		82DCB81921F7882B006ED765 /* ViewController.swift in Sources */ = {isa = PBXBuildFile; fileRef = 82DCB81821F7882B006ED765 /* ViewController.swift */; };
		82DCB81C21F7882B006ED765 /* Main.storyboard in Resources */ = {isa = PBXBuildFile; fileRef = 82DCB81A21F7882B006ED765 /* Main.storyboard */; };
		82DCB81E21F7882C006ED765 /* Assets.xcassets in Resources */ = {isa = PBXBuildFile; fileRef = 82DCB81D21F7882C006ED765 /* Assets.xcassets */; };
		82DCB82121F7882C006ED765 /* LaunchScreen.storyboard in Resources */ = {isa = PBXBuildFile; fileRef = 82DCB81F21F7882C006ED765 /* LaunchScreen.storyboard */; };
		82DCB82C21F7882C006ED765 /* PhotoAppTests.swift in Sources */ = {isa = PBXBuildFile; fileRef = 82DCB82B21F7882C006ED765 /* PhotoAppTests.swift */; };
/* End PBXBuildFile section */

/* Begin PBXContainerItemProxy section */
		82DCB82821F7882C006ED765 /* PBXContainerItemProxy */ = {
			isa = PBXContainerItemProxy;
			containerPortal = 82DCB80B21F7882B006ED765 /* Project object */;
			proxyType = 1;
			remoteGlobalIDString = 82DCB81221F7882B006ED765;
			remoteInfo = PhotoApp;
		};
/* End PBXContainerItemProxy section */

/* Begin PBXFileReference section */
		82DCB81321F7882B006ED765 /* PhotoApp.app */ = {isa = PBXFileReference; explicitFileType = wrapper.application; includeInIndex = 0; path = PhotoApp.app; sourceTree = BUILT_PRODUCTS_DIR; };
		82DCB81621F7882B006ED765 /* AppDelegate.swift */ = {isa = PBXFileReference; lastKnownFileType = sourcecode.swift; path = AppDelegate.swift; sourceTree = "<group>"; };
		82DCB81821F7882B006ED765 /* ViewController.swift */ = {isa = PBXFileReference; lastKnownFileType = sourcecode.swift; path = ViewController.swift; sourceTree = "<group>"; };
		82DCB81B21F7882B006ED765 /* Base */ = {isa = PBXFileReference; lastKnownFileType = file.storyboard; name = Base; path = Base.lproj/Main.storyboard; sourceTree = "<group>"; };
		82DCB81D21F7882C006ED765 /* Assets.xcassets */ = {isa = PBXFileReference; lastKnownFileType = folder.assetcatalog; path = Assets.xcassets; sourceTree = "<group>"; };
		82DCB82021F7882C006ED765 /* Base */ = {isa = PBXFileReference; lastKnownFileType = file.storyboard; name = Base; path = Base.lproj/LaunchScreen.storyboard; sourceTree = "<group>"; };
		82DCB82221F7882C006ED765 /* Info.plist */ = {isa = PBXFileReference; lastKnownFileType = text.plist.xml; path = Info.plist; sourceTree = "<group>"; };
		82DCB82721F7882C006ED765 /* PhotoAppTests.xctest */ = {isa = PBXFileReference; explicitFileType = wrapper.cfbundle; includeInIndex = 0; path = PhotoAppTests.xctest; sourceTree = BUILT_PRODUCTS_DIR; };
		82DCB82B21F7882C006ED765 /* PhotoAppTests.swift */ = {isa = PBXFileReference; lastKnownFileType = sourcecode.swift; path = PhotoAppTests.swift; sourceTree = "<group>"; };
		82DCB82D21F7882C006ED765 /* Info.plist */ = {isa = PBXFileReference; lastKnownFileType = text.plist.xml; path = Info.plist; sourceTree = "<group>"; };
/* End PBXFileReference section */

/* Begin PBXFrameworksBuildPhase section */
		82DCB81021F7882B006ED765 /* Frameworks */ = {
			isa = PBXFrameworksBuildPhase;
			buildActionMask = 2147483647;
			files = (
			);
			runOnlyForDeploymentPostprocessing = 0;
		};
		82DCB82421F7882C006ED765 /* Frameworks */ = {
			isa = PBXFrameworksBuildPhase;
			buildActionMask = 2147483647;
			files = (
			);
			runOnlyForDeploymentPostprocessing = 0;
		};
/* End PBXFrameworksBuildPhase section */

/* Begin PBXGroup section */
		82DCB80A21F7882B006ED765 = {
			isa = PBXGroup;
			children = (
				82DCB81521F7882B006ED765 /* PhotoApp */,
				82DCB82A21F7882C006ED765 /* PhotoAppTests */,
				82DCB81421F7882B006ED765 /* Products */,
			);
			sourceTree = "<group>";
		};
		82DCB81421F7882B006ED765 /* Products */ = {
			isa = PBXGroup;
			children = (
				82DCB81321F7882B006ED765 /* PhotoApp.app */,
				82DCB82721F7882C006ED765 /* PhotoAppTests.xctest */,
			);
			name = Products;
			sourceTree = "<group>";
		};
		82DCB81521F7882B006ED765 /* PhotoApp */ = {
			isa = PBXGroup;
			children = (
				82DCB81621F7882B006ED765 /* AppDelegate.swift */,
				82DCB81821F7882B006ED765 /* ViewController.swift */,
				82DCB81A21F7882B006ED765 /* Main.storyboard */,
				82DCB81D21F7882C006ED765 /* Assets.xcassets */,
				82DCB81F21F7882C006ED765 /* LaunchScreen.storyboard */,
				82DCB82221F7882C006ED765 /* Info.plist */,
			);
			path = PhotoApp;
			sourceTree = "<group>";
		};
		82DCB82A21F7882C006ED765 /* PhotoAppTests */ = {
			isa = PBXGroup;
			children = (
				82DCB82B21F7882C006ED765 /* PhotoAppTests.swift */,
				82DCB82D21F7882C006ED765 /* Info.plist */,
			);
			path = PhotoAppTests;
			sourceTree = "<group>";
		};
/* End PBXGroup section */

/* Begin PBXNativeTarget section */
		82DCB81221F7882B006ED765 /* PhotoApp */ = {
			isa = PBXNativeTarget;
			buildConfigurationList = 82DCB83021F7882C006ED765 /* Build configuration list for PBXNativeTarget "PhotoApp" */;
			buildPhases = (
				82DCB80F21F7882B006ED765 /* Sources */,
				82DCB81021F7882B006ED765 /* Frameworks */,
				82DCB81121F7882B006ED765 /* Resources */,
			);
			buildRules = (
			);
			dependencies = (
			);
			name = PhotoApp;
			productName = PhotoApp;
			productReference = 82DCB81321F7882B006ED765 /* PhotoApp.app */;
			productType = "com.apple.product-type.application";
		};
		82DCB82621F7882C006ED765 /* PhotoAppTests */ = {
			isa = PBXNativeTarget;
			buildConfigurationList = 82DCB83321F7882C006ED765 /* Build configuration list for PBXNativeTarget "PhotoAppTests" */;
			buildPhases = (
				82DCB82321F7882C006ED765 /* Sources */,
				82DCB82421F7882C006ED765 /* Frameworks */,
				82DCB82521F7882C006ED765 /* Resources */,
			);
			buildRules = (
			);
			dependencies = (
				82DCB82921F7882C006ED765 /* PBXTargetDependency */,
			);
			name = PhotoAppTests;
			productName = PhotoAppTests;
			productReference = 82DCB82721F7882C006ED765 /* PhotoAppTests.xctest */;
			productType = "com.apple.product-type.bundle.unit-test";
		};
/* End PBXNativeTarget section */

/* Begin PBXProject section */
		82DCB80B21F7882B006ED765 /* Project object */ = {
			isa = PBXProject;
			attributes = {
				LastSwiftUpdateCheck = 1000;
				LastUpgradeCheck = 1000;
				ORGANIZATIONNAME = Cognizant;
				TargetAttributes = {
					82DCB81221F7882B006ED765 = {
						CreatedOnToolsVersion = 10.0;
					};
					82DCB82621F7882C006ED765 = {
						CreatedOnToolsVersion = 10.0;
						TestTargetID = 82DCB81221F7882B006ED765;
					};
				};
			};
			buildConfigurationList = 82DCB80E21F7882B006ED765 /* Build configuration list for PBXProject "PhotoApp" */;
			compatibilityVersion = "Xcode 9.3";
			developmentRegion = en;
			hasScannedForEncodings = 0;
			knownRegions = (
				en,
				Base,
			);
			mainGroup = 82DCB80A21F7882B006ED765;
			productRefGroup = 82DCB81421F7882B006ED765 /* Products */;
			projectDirPath = "";
			projectRoot = "";
			targets = (
				82DCB81221F7882B006ED765 /* PhotoApp */,
				82DCB82621F7882C006ED765 /* PhotoAppTests */,
			);
		};
/* End PBXProject section */

/* Begin PBXResourcesBuildPhase section */
		82DCB81121F7882B006ED765 /* Resources */ = {
			isa = PBXResourcesBuildPhase;
			buildActionMask = 2147483647;
			files = (
				82DCB82121F7882C006ED765 /* LaunchScreen.storyboard in Resources */,
				82DCB81E21F7882C006ED765 /* Assets.xcassets in Resources */,
				82DCB81C21F7882B006ED765 /* Main.storyboard in Resources */,
			);
			runOnlyForDeploymentPostprocessing = 0;
		};
		82DCB82521F7882C006ED765 /* Resources */ = {
			isa = PBXResourcesBuildPhase;
			buildActionMask = 2147483647;
			files = (
			);
			runOnlyForDeploymentPostprocessing = 0;
		};
/* End PBXResourcesBuildPhase section */

/* Begin PBXSourcesBuildPhase section */
		82DCB80F21F7882B006ED765 /* Sources */ = {
			isa = PBXSourcesBuildPhase;
			buildActionMask = 2147483647;
			files = (
				82DCB81921F7882B006ED765 /* ViewController.swift in Sources */,
				82DCB81721F7882B006ED765 /* AppDelegate.swift in Sources */,
			);
			runOnlyForDeploymentPostprocessing = 0;
		};
		82DCB82321F7882C006ED765 /* Sources */ = {
			isa = PBXSourcesBuildPhase;
			buildActionMask = 2147483647;
			files = (
				82DCB82C21F7882C006ED765 /* PhotoAppTests.swift in Sources */,
			);
			runOnlyForDeploymentPostprocessing = 0;
		};
/* End PBXSourcesBuildPhase section */

/* Begin PBXTargetDependency section */
		82DCB82921F7882C006ED765 /* PBXTargetDependency */ = {
			isa = PBXTargetDependency;
			target = 82DCB81221F7882B006ED765 /* PhotoApp */;
			targetProxy = 82DCB82821F7882C006ED765 /* PBXContainerItemProxy */;
		};
/* End PBXTargetDependency section */

/* Begin PBXVariantGroup section */
		82DCB81A21F7882B006ED765 /* Main.storyboard */ = {
			isa = PBXVariantGroup;
			children = (
				82DCB81B21F7882B006ED765 /* Base */,
			);
			name = Main.storyboard;
			sourceTree = "<group>";
		};
		82DCB81F21F7882C006ED765 /* LaunchScreen.storyboard */ = {
			isa = PBXVariantGroup;
			children = (
				82DCB82021F7882C006ED765 /* Base */,
			);
			name = LaunchScreen.storyboard;
			sourceTree = "<group>";
		};
/* End PBXVariantGroup section */

/* Begin XCBuildConfiguration section */
		82DCB82E21F7882C006ED765 /* Debug */ = {
			isa = XCBuildConfiguration;
			buildSettings = {
				ALWAYS_SEARCH_USER_PATHS = NO;
				CLANG_ANALYZER_NONNULL = YES;
				CLANG_ANALYZER_NUMBER_OBJECT_CONVERSION = YES_AGGRESSIVE;
				CLANG_CXX_LANGUAGE_STANDARD = "gnu++14";
				CLANG_CXX_LIBRARY = "libc++";
				CLANG_ENABLE_MODULES = YES;
				CLANG_ENABLE_OBJC_ARC = YES;
				CLANG_ENABLE_OBJC_WEAK = YES;
				CLANG_WARN_BLOCK_CAPTURE_AUTORELEASING = YES;
				CLANG_WARN_BOOL_CONVERSION = YES;
				CLANG_WARN_COMMA = YES;
				CLANG_WARN_CONSTANT_CONVERSION = YES;
				CLANG_WARN_DEPRECATED_OBJC_IMPLEMENTATIONS = YES;
				CLANG_WARN_DIRECT_OBJC_ISA_USAGE = YES_ERROR;
				CLANG_WARN_DOCUMENTATION_COMMENTS = YES;
				CLANG_WARN_EMPTY_BODY = YES;
				CLANG_WARN_ENUM_CONVERSION = YES;
				CLANG_WARN_INFINITE_RECURSION = YES;
				CLANG_WARN_INT_CONVERSION = YES;
				CLANG_WARN_NON_LITERAL_NULL_CONVERSION = YES;
				CLANG_WARN_OBJC_IMPLICIT_RETAIN_SELF = YES;
				CLANG_WARN_OBJC_LITERAL_CONVERSION = YES;
				CLANG_WARN_OBJC_ROOT_CLASS = YES_ERROR;
				CLANG_WARN_RANGE_LOOP_ANALYSIS = YES;
				CLANG_WARN_STRICT_PROTOTYPES = YES;
				CLANG_WARN_SUSPICIOUS_MOVE = YES;
				CLANG_WARN_UNGUARDED_AVAILABILITY = YES_AGGRESSIVE;
				CLANG_WARN_UNREACHABLE_CODE = YES;
				CLANG_WARN__DUPLICATE_METHOD_MATCH = YES;
				CODE_SIGN_IDENTITY = "iPhone Developer";
				COPY_PHASE_STRIP = NO;
				DEBUG_INFORMATION_FORMAT = dwarf;
				ENABLE_STRICT_OBJC_MSGSEND = YES;
				ENABLE_TESTABILITY = YES;
				GCC_C_LANGUAGE_STANDARD = gnu11;
				GCC_DYNAMIC_NO_PIC = NO;
				GCC_NO_COMMON_BLOCKS = YES;
				GCC_OPTIMIZATION_LEVEL = 0;
				GCC_PREPROCESSOR_DEFINITIONS = (
					"DEBUG=1",
					"$(inherited)",
				);
				GCC_WARN_64_TO_32_BIT_CONVERSION = YES;
				GCC_WARN_ABOUT_RETURN_TYPE = YES_ERROR;
				GCC_WARN_UNDECLARED_SELECTOR = YES;
				GCC_WARN_UNINITIALIZED_AUTOS = YES_AGGRESSIVE;
				GCC_WARN_UNUSED_FUNCTION = YES;
				GCC_WARN_UNUSED_VARIABLE = YES;
				IPHONEOS_DEPLOYMENT_TARGET = 12.0;
				MTL_ENABLE_DEBUG_INFO = INCLUDE_SOURCE;
				MTL_FAST_MATH = YES;
				ONLY_ACTIVE_ARCH = YES;
				SDKROOT = iphoneos;
				SWIFT_ACTIVE_COMPILATION_CONDITIONS = DEBUG;
				SWIFT_OPTIMIZATION_LEVEL = "-Onone";
			};
			name = Debug;
		};
		82DCB82F21F7882C006ED765 /* Release */ = {
			isa = XCBuildConfiguration;
			buildSettings = {
				ALWAYS_SEARCH_USER_PATHS = NO;
				CLANG_ANALYZER_NONNULL = YES;
				CLANG_ANALYZER_NUMBER_OBJECT_CONVERSION = YES_AGGRESSIVE;
				CLANG_CXX_LANGUAGE_STANDARD = "gnu++14";
				CLANG_CXX_LIBRARY = "libc++";
				CLANG_ENABLE_MODULES = YES;
				CLANG_ENABLE_OBJC_ARC = YES;
				CLANG_ENABLE_OBJC_WEAK = YES;
				CLANG_WARN_BLOCK_CAPTURE_AUTORELEASING = YES;
				CLANG_WARN_BOOL_CONVERSION = YES;
				CLANG_WARN_COMMA = YES;
				CLANG_WARN_CONSTANT_CONVERSION = YES;
				CLANG_WARN_DEPRECATED_OBJC_IMPLEMENTATIONS = YES;
				CLANG_WARN_DIRECT_OBJC_ISA_USAGE = YES_ERROR;
				CLANG_WARN_DOCUMENTATION_COMMENTS = YES;
				CLANG_WARN_EMPTY_BODY = YES;
				CLANG_WARN_ENUM_CONVERSION = YES;
				CLANG_WARN_INFINITE_RECURSION = YES;
				CLANG_WARN_INT_CONVERSION = YES;
				CLANG_WARN_NON_LITERAL_NULL_CONVERSION = YES;
				CLANG_WARN_OBJC_IMPLICIT_RETAIN_SELF = YES;
				CLANG_WARN_OBJC_LITERAL_CONVERSION = YES;
				CLANG_WARN_OBJC_ROOT_CLASS = YES_ERROR;
				CLANG_WARN_RANGE_LOOP_ANALYSIS = YES;
				CLANG_WARN_STRICT_PROTOTYPES = YES;
				CLANG_WARN_SUSPICIOUS_MOVE = YES;
				CLANG_WARN_UNGUARDED_AVAILABILITY = YES_AGGRESSIVE;
				CLANG_WARN_UNREACHABLE_CODE = YES;
				CLANG_WARN__DUPLICATE_METHOD_MATCH = YES;
				CODE_SIGN_IDENTITY = "iPhone Developer";
				COPY_PHASE_STRIP = NO;
				DEBUG_INFORMATION_FORMAT = "dwarf-with-dsym";
				ENABLE_NS_ASSERTIONS = NO;
				ENABLE_STRICT_OBJC_MSGSEND = YES;
				GCC_C_LANGUAGE_STANDARD = gnu11;
				GCC_NO_COMMON_BLOCKS = YES;
				GCC_WARN_64_TO_32_BIT_CONVERSION = YES;
				GCC_WARN_ABOUT_RETURN_TYPE = YES_ERROR;
				GCC_WARN_UNDECLARED_SELECTOR = YES;
				GCC_WARN_UNINITIALIZED_AUTOS = YES_AGGRESSIVE;
				GCC_WARN_UNUSED_FUNCTION = YES;
				GCC_WARN_UNUSED_VARIABLE = YES;
				IPHONEOS_DEPLOYMENT_TARGET = 12.0;
				MTL_ENABLE_DEBUG_INFO = NO;
				MTL_FAST_MATH = YES;
				SDKROOT = iphoneos;
				SWIFT_COMPILATION_MODE = wholemodule;
				SWIFT_OPTIMIZATION_LEVEL = "-O";
				VALIDATE_PRODUCT = YES;
			};
			name = Release;
		};
		82DCB83121F7882C006ED765 /* Debug */ = {
			isa = XCBuildConfiguration;
			buildSettings = {
				ASSETCATALOG_COMPILER_APPICON_NAME = AppIcon;
				CODE_SIGN_STYLE = Automatic;
				DEVELOPMENT_TEAM = SP6VSS48GA;
				INFOPLIST_FILE = PhotoApp/Info.plist;
				LD_RUNPATH_SEARCH_PATHS = (
					"$(inherited)",
					"@executable_path/Frameworks",
				);
				PRODUCT_BUNDLE_IDENTIFIER = com.cognizant.PhotoApp;
				PRODUCT_NAME = "$(TARGET_NAME)";
				SWIFT_VERSION = 4.2;
				TARGETED_DEVICE_FAMILY = "1,2";
			};
			name = Debug;
		};
		82DCB83221F7882C006ED765 /* Release */ = {
			isa = XCBuildConfiguration;
			buildSettings = {
				ASSETCATALOG_COMPILER_APPICON_NAME = AppIcon;
				CODE_SIGN_STYLE = Automatic;
				DEVELOPMENT_TEAM = SP6VSS48GA;
				INFOPLIST_FILE = PhotoApp/Info.plist;
				LD_RUNPATH_SEARCH_PATHS = (
					"$(inherited)",
					"@executable_path/Frameworks",
				);
				PRODUCT_BUNDLE_IDENTIFIER = com.cognizant.PhotoApp;
				PRODUCT_NAME = "$(TARGET_NAME)";
				SWIFT_VERSION = 4.2;
				TARGETED_DEVICE_FAMILY = "1,2";
			};
			name = Release;
		};
		82DCB83421F7882C006ED765 /* Debug */ = {
			isa = XCBuildConfiguration;
			buildSettings = {
				ALWAYS_EMBED_SWIFT_STANDARD_LIBRARIES = YES;
				BUNDLE_LOADER = "$(TEST_HOST)";
				CODE_SIGN_STYLE = Automatic;
				DEVELOPMENT_TEAM = SP6VSS48GA;
				INFOPLIST_FILE = PhotoAppTests/Info.plist;
				LD_RUNPATH_SEARCH_PATHS = (
					"$(inherited)",
					"@executable_path/Frameworks",
					"@loader_path/Frameworks",
				);
				PRODUCT_BUNDLE_IDENTIFIER = com.cognizant.PhotoAppTests;
				PRODUCT_NAME = "$(TARGET_NAME)";
				SWIFT_VERSION = 4.2;
				TARGETED_DEVICE_FAMILY = "1,2";
				TEST_HOST = "$(BUILT_PRODUCTS_DIR)/PhotoApp.app/PhotoApp";
			};
			name = Debug;
		};
		82DCB83521F7882C006ED765 /* Release */ = {
			isa = XCBuildConfiguration;
			buildSettings = {
				ALWAYS_EMBED_SWIFT_STANDARD_LIBRARIES = YES;
				BUNDLE_LOADER = "$(TEST_HOST)";
				CODE_SIGN_STYLE = Automatic;
				DEVELOPMENT_TEAM = SP6VSS48GA;
				INFOPLIST_FILE = PhotoAppTests/Info.plist;
				LD_RUNPATH_SEARCH_PATHS = (
					"$(inherited)",
					"@executable_path/Frameworks",
					"@loader_path/Frameworks",
				);
				PRODUCT_BUNDLE_IDENTIFIER = com.cognizant.PhotoAppTests;
				PRODUCT_NAME = "$(TARGET_NAME)";
				SWIFT_VERSION = 4.2;
				TARGETED_DEVICE_FAMILY = "1,2";
				TEST_HOST = "$(BUILT_PRODUCTS_DIR)/PhotoApp.app/PhotoApp";
			};
			name = Release;
		};
/* End XCBuildConfiguration section */

/* Begin XCConfigurationList section */
		82DCB80E21F7882B006ED765 /* Build configuration list for PBXProject "PhotoApp" */ = {
			isa = XCConfigurationList;
			buildConfigurations = (
				82DCB82E21F7882C006ED765 /* Debug */,
				82DCB82F21F7882C006ED765 /* Release */,
			);
			defaultConfigurationIsVisible = 0;
			defaultConfigurationName = Release;
		};
		82DCB83021F7882C006ED765 /* Build configuration list for PBXNativeTarget "PhotoApp" */ = {
			isa = XCConfigurationList;
			buildConfigurations = (
				82DCB83121F7882C006ED765 /* Debug */,
				82DCB83221F7882C006ED765 /* Release */,
			);
			defaultConfigurationIsVisible = 0;
			defaultConfigurationName = Release;
		};
		82DCB83321F7882C006ED765 /* Build configuration list for PBXNativeTarget "PhotoAppTests" */ = {
			isa = XCConfigurationList;
			buildConfigurations = (
				82DCB83421F7882C006ED765 /* Debug */,
				82DCB83521F7882C006ED765 /* Release */,
			);
			defaultConfigurationIsVisible = 0;
			defaultConfigurationName = Release;
		};
/* End XCConfigurationList section */
	};
	rootObject = 82DCB80B21F7882B006ED765 /* Project object */;
}
